
Microsoft Visual Studio Solution File, Format Version 12.00
# Visual Studio 15
Project("{FAE04EC0-301F-11D3-BF4B-00C04F79EFBC}") = "VersionObserver", "VersionObserver\VersionObserver.csproj", "{7403000C-5B8A-4314-9C89-B78CBA511965}"
EndProject
Project("{FAE04EC0-301F-11D3-BF4B-00C04F79EFBC}") = "VersionObserver.Tests", "VersionObserver.Tests\VersionObserver.Tests.csproj", "{DA99476D-9829-4548-8A6E-024E0C9FCF8F}"
EndProject
Global
	GlobalSection(SolutionConfigurationPlatforms) = preSolution
		Debug|Any CPU = Debug|Any CPU
		Release|Any CPU = Release|Any CPU
	EndGlobalSection
	GlobalSection(ProjectConfigurationPlatforms) = postSolution
		{7403000C-5B8A-4314-9C89-B78CBA511965}.Debug|Any CPU.ActiveCfg = Debug|Any CPU
		{7403000C-5B8A-4314-9C89-B78CBA511965}.Debug|Any CPU.Build.0 = Debug|Any CPU
		{7403000C-5B8A-4314-9C89-B78CBA511965}.Release|Any CPU.ActiveCfg = Release|Any CPU
		{7403000C-5B8A-4314-9C89-B78CBA511965}.Release|Any CPU.Build.0 = Release|Any CPU
		{DA99476D-9829-4548-8A6E-024E0C9FCF8F}.Debug|Any CPU.ActiveCfg = Debug|Any CPU
		{DA99476D-9829-4548-8A6E-024E0C9FCF8F}.Debug|Any CPU.Build.0 = Debug|Any CPU
		{DA99476D-9829-4548-8A6E-024E0C9FCF8F}.Release|Any CPU.ActiveCfg = Release|Any CPU
		{DA99476D-9829-4548-8A6E-024E0C9FCF8F}.Release|Any CPU.Build.0 = Release|Any CPU
	EndGlobalSection
EndGlobal
